// !$*UTF8*$!
{
	archiveVersion = 1;
	classes = {
	};
	objectVersion = 77;
	objects = {

/* Begin PBXBuildFile section */
		CE16D52B2DBEB1FE00A2FCB1 /* FirebaseAuth in Frameworks */ = {isa = PBXBuildFile; productRef = CE16D52A2DBEB1FE00A2FCB1 /* FirebaseAuth */; };
		CE16D52D2DBEB1FE00A2FCB1 /* FirebaseCore in Frameworks */ = {isa = PBXBuildFile; productRef = CE16D52C2DBEB1FE00A2FCB1 /* FirebaseCore */; };
		CE16D52F2DBEB1FE00A2FCB1 /* FirebaseCrashlytics in Frameworks */ = {isa = PBXBuildFile; productRef = CE16D52E2DBEB1FE00A2FCB1 /* FirebaseCrashlytics */; };
		CE16D5312DBEB1FE00A2FCB1 /* FirebaseDatabase in Frameworks */ = {isa = PBXBuildFile; productRef = CE16D5302DBEB1FE00A2FCB1 /* FirebaseDatabase */; };
		CE16D5332DBEB1FE00A2FCB1 /* FirebaseDynamicLinks in Frameworks */ = {isa = PBXBuildFile; productRef = CE16D5322DBEB1FE00A2FCB1 /* FirebaseDynamicLinks */; };
		CE16D5352DBEB1FE00A2FCB1 /* FirebaseFirestore in Frameworks */ = {isa = PBXBuildFile; productRef = CE16D5342DBEB1FE00A2FCB1 /* FirebaseFirestore */; };
		CE16D5372DBEB1FE00A2FCB1 /* FirebaseFunctions in Frameworks */ = {isa = PBXBuildFile; productRef = CE16D5362DBEB1FE00A2FCB1 /* FirebaseFunctions */; };
		CE16D5392DBEB1FE00A2FCB1 /* FirebaseInAppMessaging-Beta in Frameworks */ = {isa = PBXBuildFile; productRef = CE16D5382DBEB1FE00A2FCB1 /* FirebaseInAppMessaging-Beta */; };
		CE16D53B2DBEB1FE00A2FCB1 /* FirebaseMessaging in Frameworks */ = {isa = PBXBuildFile; productRef = CE16D53A2DBEB1FE00A2FCB1 /* FirebaseMessaging */; };
		CE16D53D2DBEB1FE00A2FCB1 /* FirebaseStorage in Frameworks */ = {isa = PBXBuildFile; productRef = CE16D53C2DBEB1FE00A2FCB1 /* FirebaseStorage */; };
		CE16D5402DBEB22A00A2FCB1 /* IQKeyboardManagerSwift in Frameworks */ = {isa = PBXBuildFile; productRef = CE16D53F2DBEB22A00A2FCB1 /* IQKeyboardManagerSwift */; };
		CEAF66662DBEC98500065B63 /* MBProgressHUD in Frameworks */ = {isa = PBXBuildFile; productRef = CEAF66652DBEC98500065B63 /* MBProgressHUD */; };
		CEC93FA92DC0B24A0021B59A /* GoogleSignIn in Frameworks */ = {isa = PBXBuildFile; productRef = CEC93FA82DC0B24A0021B59A /* GoogleSignIn */; };
		CEC93FAB2DC0B24A0021B59A /* GoogleSignInSwift in Frameworks */ = {isa = PBXBuildFile; productRef = CEC93FAA2DC0B24A0021B59A /* GoogleSignInSwift */; };
/* End PBXBuildFile section */

/* Begin PBXFileReference section */
		CE609E232DB42E480004013D /* SpeedTalk.app */ = {isa = PBXFileReference; explicitFileType = wrapper.application; includeInIndex = 0; path = SpeedTalk.app; sourceTree = BUILT_PRODUCTS_DIR; };
/* End PBXFileReference section */

/* Begin PBXFileSystemSynchronizedBuildFileExceptionSet section */
		CECAA6502DB4461900BEA534 /* Exceptions for "SpeedTalk" folder in "SpeedTalk" target */ = {
			isa = PBXFileSystemSynchronizedBuildFileExceptionSet;
			membershipExceptions = (
				Info.plist,
			);
			target = CE609E222DB42E480004013D /* SpeedTalk */;
		};
/* End PBXFileSystemSynchronizedBuildFileExceptionSet section */

/* Begin PBXFileSystemSynchronizedRootGroup section */
		CE609E252DB42E480004013D /* SpeedTalk */ = {
			isa = PBXFileSystemSynchronizedRootGroup;
			exceptions = (
				CECAA6502DB4461900BEA534 /* Exceptions for "SpeedTalk" folder in "SpeedTalk" target */,
			);
			path = SpeedTalk;
			sourceTree = "<group>";
		};
/* End PBXFileSystemSynchronizedRootGroup section */

/* Begin PBXFrameworksBuildPhase section */
		CE609E202DB42E480004013D /* Frameworks */ = {
			isa = PBXFrameworksBuildPhase;
			buildActionMask = 2147483647;
			files = (
				CE16D53B2DBEB1FE00A2FCB1 /* FirebaseMessaging in Frameworks */,
				CE16D52F2DBEB1FE00A2FCB1 /* FirebaseCrashlytics in Frameworks */,
				CE16D5372DBEB1FE00A2FCB1 /* FirebaseFunctions in Frameworks */,
				CEC93FA92DC0B24A0021B59A /* GoogleSignIn in Frameworks */,
				CE16D53D2DBEB1FE00A2FCB1 /* FirebaseStorage in Frameworks */,
				CE16D52D2DBEB1FE00A2FCB1 /* FirebaseCore in Frameworks */,
				CE16D5392DBEB1FE00A2FCB1 /* FirebaseInAppMessaging-Beta in Frameworks */,
				CEAF66662DBEC98500065B63 /* MBProgressHUD in Frameworks */,
				CE16D5312DBEB1FE00A2FCB1 /* FirebaseDatabase in Frameworks */,
				CEC93FAB2DC0B24A0021B59A /* GoogleSignInSwift in Frameworks */,
				CE16D52B2DBEB1FE00A2FCB1 /* FirebaseAuth in Frameworks */,
				CE16D5332DBEB1FE00A2FCB1 /* FirebaseDynamicLinks in Frameworks */,
				CE16D5402DBEB22A00A2FCB1 /* IQKeyboardManagerSwift in Frameworks */,
				CE16D5352DBEB1FE00A2FCB1 /* FirebaseFirestore in Frameworks */,
			);
			runOnlyForDeploymentPostprocessing = 0;
		};
/* End PBXFrameworksBuildPhase section */

/* Begin PBXGroup section */
		CE609E1A2DB42E480004013D = {
			isa = PBXGroup;
			children = (
				CE609E252DB42E480004013D /* SpeedTalk */,
				CE609E242DB42E480004013D /* Products */,
			);
			sourceTree = "<group>";
		};
		CE609E242DB42E480004013D /* Products */ = {
			isa = PBXGroup;
			children = (
				CE609E232DB42E480004013D /* SpeedTalk.app */,
			);
			name = Products;
			sourceTree = "<group>";
		};
/* End PBXGroup section */

/* Begin PBXNativeTarget section */
		CE609E222DB42E480004013D /* SpeedTalk */ = {
			isa = PBXNativeTarget;
			buildConfigurationList = CE609E362DB42E490004013D /* Build configuration list for PBXNativeTarget "SpeedTalk" */;
			buildPhases = (
				CE609E1F2DB42E480004013D /* Sources */,
				CE609E202DB42E480004013D /* Frameworks */,
				CE609E212DB42E480004013D /* Resources */,
			);
			buildRules = (
			);
			dependencies = (
			);
			fileSystemSynchronizedGroups = (
				CE609E252DB42E480004013D /* SpeedTalk */,
			);
			name = SpeedTalk;
			packageProductDependencies = (
				CE16D52A2DBEB1FE00A2FCB1 /* FirebaseAuth */,
				CE16D52C2DBEB1FE00A2FCB1 /* FirebaseCore */,
				CE16D52E2DBEB1FE00A2FCB1 /* FirebaseCrashlytics */,
				CE16D5302DBEB1FE00A2FCB1 /* FirebaseDatabase */,
				CE16D5322DBEB1FE00A2FCB1 /* FirebaseDynamicLinks */,
				CE16D5342DBEB1FE00A2FCB1 /* FirebaseFirestore */,
				CE16D5362DBEB1FE00A2FCB1 /* FirebaseFunctions */,
				CE16D5382DBEB1FE00A2FCB1 /* FirebaseInAppMessaging-Beta */,
				CE16D53A2DBEB1FE00A2FCB1 /* FirebaseMessaging */,
				CE16D53C2DBEB1FE00A2FCB1 /* FirebaseStorage */,
				CE16D53F2DBEB22A00A2FCB1 /* IQKeyboardManagerSwift */,
				CEAF66652DBEC98500065B63 /* MBProgressHUD */,
				CEC93FA82DC0B24A0021B59A /* GoogleSignIn */,
				CEC93FAA2DC0B24A0021B59A /* GoogleSignInSwift */,
			);
			productName = SpeedTalk;
			productReference = CE609E232DB42E480004013D /* SpeedTalk.app */;
			productType = "com.apple.product-type.application";
		};
/* End PBXNativeTarget section */

/* Begin PBXProject section */
		CE609E1B2DB42E480004013D /* Project object */ = {
			isa = PBXProject;
			attributes = {
				BuildIndependentTargetsInParallel = 1;
				LastSwiftUpdateCheck = 1620;
				LastUpgradeCheck = 1620;
				TargetAttributes = {
					CE609E222DB42E480004013D = {
						CreatedOnToolsVersion = 16.2;
					};
				};
			};
			buildConfigurationList = CE609E1E2DB42E480004013D /* Build configuration list for PBXProject "SpeedTalk" */;
			developmentRegion = en;
			hasScannedForEncodings = 0;
			knownRegions = (
				en,
				Base,
			);
			mainGroup = CE609E1A2DB42E480004013D;
			minimizedProjectReferenceProxies = 1;
			packageReferences = (
				CE16D5292DBEB1FE00A2FCB1 /* XCRemoteSwiftPackageReference "firebase-ios-sdk" */,
				CE16D53E2DBEB22A00A2FCB1 /* XCRemoteSwiftPackageReference "IQKeyboardManager" */,
				CEAF66642DBEC98500065B63 /* XCRemoteSwiftPackageReference "MBProgressHUD" */,
				CEC93FA72DC0B24A0021B59A /* XCRemoteSwiftPackageReference "GoogleSignIn-iOS" */,
			);
			preferredProjectObjectVersion = 77;
			productRefGroup = CE609E242DB42E480004013D /* Products */;
			projectDirPath = "";
			projectRoot = "";
			targets = (
				CE609E222DB42E480004013D /* SpeedTalk */,
			);
		};
/* End PBXProject section */

/* Begin PBXResourcesBuildPhase section */
		CE609E212DB42E480004013D /* Resources */ = {
			isa = PBXResourcesBuildPhase;
			buildActionMask = 2147483647;
			files = (
			);
			runOnlyForDeploymentPostprocessing = 0;
		};
/* End PBXResourcesBuildPhase section */

/* Begin PBXSourcesBuildPhase section */
		CE609E1F2DB42E480004013D /* Sources */ = {
			isa = PBXSourcesBuildPhase;
			buildActionMask = 2147483647;
			files = (
			);
			runOnlyForDeploymentPostprocessing = 0;
		};
/* End PBXSourcesBuildPhase section */

/* Begin XCBuildConfiguration section */
		CE609E372DB42E490004013D /* Debug */ = {
			isa = XCBuildConfiguration;
			buildSettings = {
				ASSETCATALOG_COMPILER_APPICON_NAME = AppIcon;
				ASSETCATALOG_COMPILER_GLOBAL_ACCENT_COLOR_NAME = AccentColor;
				CODE_SIGN_STYLE = Automatic;
				CURRENT_PROJECT_VERSION = 1;
				DEVELOPMENT_TEAM = YLA926J2Q5;
				GENERATE_INFOPLIST_FILE = YES;
				INFOPLIST_FILE = SpeedTalk/Info.plist;
				INFOPLIST_KEY_UIApplicationSupportsIndirectInputEvents = YES;
				INFOPLIST_KEY_UILaunchStoryboardName = LaunchScreen;
				INFOPLIST_KEY_UIMainStoryboardFile = Main;
				INFOPLIST_KEY_UISupportedInterfaceOrientations_iPad = "UIInterfaceOrientationPortrait UIInterfaceOrientationPortraitUpsideDown UIInterfaceOrientationLandscapeLeft UIInterfaceOrientationLandscapeRight";
				INFOPLIST_KEY_UISupportedInterfaceOrientations_iPhone = "UIInterfaceOrientationPortrait UIInterfaceOrientationLandscapeLeft UIInterfaceOrientationLandscapeRight";
				LD_RUNPATH_SEARCH_PATHS = (
					"$(inherited)",
					"@executable_path/Frameworks",
				);
				MARKETING_VERSION = 1.0;
				PRODUCT_BUNDLE_IDENTIFIER = iosdevkundan.SpeedTalk;
				PRODUCT_NAME = "$(TARGET_NAME)";
				SWIFT_EMIT_LOC_STRINGS = YES;
				SWIFT_VERSION = 5.0;
				TARGETED_DEVICE_FAMILY = "1,2";
			};
			name = Debug;
		};
		CE609E382DB42E490004013D /* Release */ = {
			isa = XCBuildConfiguration;
			buildSettings = {
				ASSETCATALOG_COMPILER_APPICON_NAME = AppIcon;
				ASSETCATALOG_COMPILER_GLOBAL_ACCENT_COLOR_NAME = AccentColor;
				CODE_SIGN_STYLE = Automatic;
				CURRENT_PROJECT_VERSION = 1;
				DEVELOPMENT_TEAM = YLA926J2Q5;
				GENERATE_INFOPLIST_FILE = YES;
				INFOPLIST_FILE = SpeedTalk/Info.plist;
				INFOPLIST_KEY_UIApplicationSupportsIndirectInputEvents = YES;
				INFOPLIST_KEY_UILaunchStoryboardName = LaunchScreen;
				INFOPLIST_KEY_UIMainStoryboardFile = Main;
				INFOPLIST_KEY_UISupportedInterfaceOrientations_iPad = "UIInterfaceOrientationPortrait UIInterfaceOrientationPortraitUpsideDown UIInterfaceOrientationLandscapeLeft UIInterfaceOrientationLandscapeRight";
				INFOPLIST_KEY_UISupportedInterfaceOrientations_iPhone = "UIInterfaceOrientationPortrait UIInterfaceOrientationLandscapeLeft UIInterfaceOrientationLandscapeRight";
				LD_RUNPATH_SEARCH_PATHS = (
					"$(inherited)",
					"@executable_path/Frameworks",
				);
				MARKETING_VERSION = 1.0;
				PRODUCT_BUNDLE_IDENTIFIER = iosdevkundan.SpeedTalk;
				PRODUCT_NAME = "$(TARGET_NAME)";
				SWIFT_EMIT_LOC_STRINGS = YES;
				SWIFT_VERSION = 5.0;
				TARGETED_DEVICE_FAMILY = "1,2";
			};
			name = Release;
		};
		CE609E392DB42E490004013D /* Debug */ = {
			isa = XCBuildConfiguration;
			buildSettings = {
				ALWAYS_SEARCH_USER_PATHS = NO;
				ASSETCATALOG_COMPILER_GENERATE_SWIFT_ASSET_SYMBOL_EXTENSIONS = YES;
				CLANG_ANALYZER_NONNULL = YES;
				CLANG_ANALYZER_NUMBER_OBJECT_CONVERSION = YES_AGGRESSIVE;
				CLANG_CXX_LANGUAGE_STANDARD = "gnu++20";
				CLANG_ENABLE_MODULES = YES;
				CLANG_ENABLE_OBJC_ARC = YES;
				CLANG_ENABLE_OBJC_WEAK = YES;
				CLANG_WARN_BLOCK_CAPTURE_AUTORELEASING = YES;
				CLANG_WARN_BOOL_CONVERSION = YES;
				CLANG_WARN_COMMA = YES;
				CLANG_WARN_CONSTANT_CONVERSION = YES;
				CLANG_WARN_DEPRECATED_OBJC_IMPLEMENTATIONS = YES;
				CLANG_WARN_DIRECT_OBJC_ISA_USAGE = YES_ERROR;
				CLANG_WARN_DOCUMENTATION_COMMENTS = YES;
				CLANG_WARN_EMPTY_BODY = YES;
				CLANG_WARN_ENUM_CONVERSION = YES;
				CLANG_WARN_INFINITE_RECURSION = YES;
				CLANG_WARN_INT_CONVERSION = YES;
				CLANG_WARN_NON_LITERAL_NULL_CONVERSION = YES;
				CLANG_WARN_OBJC_IMPLICIT_RETAIN_SELF = YES;
				CLANG_WARN_OBJC_LITERAL_CONVERSION = YES;
				CLANG_WARN_OBJC_ROOT_CLASS = YES_ERROR;
				CLANG_WARN_QUOTED_INCLUDE_IN_FRAMEWORK_HEADER = YES;
				CLANG_WARN_RANGE_LOOP_ANALYSIS = YES;
				CLANG_WARN_STRICT_PROTOTYPES = YES;
				CLANG_WARN_SUSPICIOUS_MOVE = YES;
				CLANG_WARN_UNGUARDED_AVAILABILITY = YES_AGGRESSIVE;
				CLANG_WARN_UNREACHABLE_CODE = YES;
				CLANG_WARN__DUPLICATE_METHOD_MATCH = YES;
				COPY_PHASE_STRIP = NO;
				DEBUG_INFORMATION_FORMAT = dwarf;
				ENABLE_STRICT_OBJC_MSGSEND = YES;
				ENABLE_TESTABILITY = YES;
				ENABLE_USER_SCRIPT_SANDBOXING = YES;
				GCC_C_LANGUAGE_STANDARD = gnu17;
				GCC_DYNAMIC_NO_PIC = NO;
				GCC_NO_COMMON_BLOCKS = YES;
				GCC_OPTIMIZATION_LEVEL = 0;
				GCC_PREPROCESSOR_DEFINITIONS = (
					"DEBUG=1",
					"$(inherited)",
				);
				GCC_WARN_64_TO_32_BIT_CONVERSION = YES;
				GCC_WARN_ABOUT_RETURN_TYPE = YES_ERROR;
				GCC_WARN_UNDECLARED_SELECTOR = YES;
				GCC_WARN_UNINITIALIZED_AUTOS = YES_AGGRESSIVE;
				GCC_WARN_UNUSED_FUNCTION = YES;
				GCC_WARN_UNUSED_VARIABLE = YES;
				IPHONEOS_DEPLOYMENT_TARGET = 18.2;
				LOCALIZATION_PREFERS_STRING_CATALOGS = YES;
				MTL_ENABLE_DEBUG_INFO = INCLUDE_SOURCE;
				MTL_FAST_MATH = YES;
				ONLY_ACTIVE_ARCH = YES;
				SDKROOT = iphoneos;
				SWIFT_ACTIVE_COMPILATION_CONDITIONS = "DEBUG $(inherited)";
				SWIFT_OPTIMIZATION_LEVEL = "-Onone";
			};
			name = Debug;
		};
		CE609E3A2DB42E490004013D /* Release */ = {
			isa = XCBuildConfiguration;
			buildSettings = {
				ALWAYS_SEARCH_USER_PATHS = NO;
				ASSETCATALOG_COMPILER_GENERATE_SWIFT_ASSET_SYMBOL_EXTENSIONS = YES;
				CLANG_ANALYZER_NONNULL = YES;
				CLANG_ANALYZER_NUMBER_OBJECT_CONVERSION = YES_AGGRESSIVE;
				CLANG_CXX_LANGUAGE_STANDARD = "gnu++20";
				CLANG_ENABLE_MODULES = YES;
				CLANG_ENABLE_OBJC_ARC = YES;
				CLANG_ENABLE_OBJC_WEAK = YES;
				CLANG_WARN_BLOCK_CAPTURE_AUTORELEASING = YES;
				CLANG_WARN_BOOL_CONVERSION = YES;
				CLANG_WARN_COMMA = YES;
				CLANG_WARN_CONSTANT_CONVERSION = YES;
				CLANG_WARN_DEPRECATED_OBJC_IMPLEMENTATIONS = YES;
				CLANG_WARN_DIRECT_OBJC_ISA_USAGE = YES_ERROR;
				CLANG_WARN_DOCUMENTATION_COMMENTS = YES;
				CLANG_WARN_EMPTY_BODY = YES;
				CLANG_WARN_ENUM_CONVERSION = YES;
				CLANG_WARN_INFINITE_RECURSION = YES;
				CLANG_WARN_INT_CONVERSION = YES;
				CLANG_WARN_NON_LITERAL_NULL_CONVERSION = YES;
				CLANG_WARN_OBJC_IMPLICIT_RETAIN_SELF = YES;
				CLANG_WARN_OBJC_LITERAL_CONVERSION = YES;
				CLANG_WARN_OBJC_ROOT_CLASS = YES_ERROR;
				CLANG_WARN_QUOTED_INCLUDE_IN_FRAMEWORK_HEADER = YES;
				CLANG_WARN_RANGE_LOOP_ANALYSIS = YES;
				CLANG_WARN_STRICT_PROTOTYPES = YES;
				CLANG_WARN_SUSPICIOUS_MOVE = YES;
				CLANG_WARN_UNGUARDED_AVAILABILITY = YES_AGGRESSIVE;
				CLANG_WARN_UNREACHABLE_CODE = YES;
				CLANG_WARN__DUPLICATE_METHOD_MATCH = YES;
				COPY_PHASE_STRIP = NO;
				DEBUG_INFORMATION_FORMAT = "dwarf-with-dsym";
				ENABLE_NS_ASSERTIONS = NO;
				ENABLE_STRICT_OBJC_MSGSEND = YES;
				ENABLE_USER_SCRIPT_SANDBOXING = YES;
				GCC_C_LANGUAGE_STANDARD = gnu17;
				GCC_NO_COMMON_BLOCKS = YES;
				GCC_WARN_64_TO_32_BIT_CONVERSION = YES;
				GCC_WARN_ABOUT_RETURN_TYPE = YES_ERROR;
				GCC_WARN_UNDECLARED_SELECTOR = YES;
				GCC_WARN_UNINITIALIZED_AUTOS = YES_AGGRESSIVE;
				GCC_WARN_UNUSED_FUNCTION = YES;
				GCC_WARN_UNUSED_VARIABLE = YES;
				IPHONEOS_DEPLOYMENT_TARGET = 18.2;
				LOCALIZATION_PREFERS_STRING_CATALOGS = YES;
				MTL_ENABLE_DEBUG_INFO = NO;
				MTL_FAST_MATH = YES;
				SDKROOT = iphoneos;
				SWIFT_COMPILATION_MODE = wholemodule;
				VALIDATE_PRODUCT = YES;
			};
			name = Release;
		};
/* End XCBuildConfiguration section */

/* Begin XCConfigurationList section */
		CE609E1E2DB42E480004013D /* Build configuration list for PBXProject "SpeedTalk" */ = {
			isa = XCConfigurationList;
			buildConfigurations = (
				CE609E392DB42E490004013D /* Debug */,
				CE609E3A2DB42E490004013D /* Release */,
			);
			defaultConfigurationIsVisible = 0;
			defaultConfigurationName = Release;
		};
		CE609E362DB42E490004013D /* Build configuration list for PBXNativeTarget "SpeedTalk" */ = {
			isa = XCConfigurationList;
			buildConfigurations = (
				CE609E372DB42E490004013D /* Debug */,
				CE609E382DB42E490004013D /* Release */,
			);
			defaultConfigurationIsVisible = 0;
			defaultConfigurationName = Release;
		};
/* End XCConfigurationList section */

/* Begin XCRemoteSwiftPackageReference section */
		CE16D5292DBEB1FE00A2FCB1 /* XCRemoteSwiftPackageReference "firebase-ios-sdk" */ = {
			isa = XCRemoteSwiftPackageReference;
			repositoryURL = "https://github.com/firebase/firebase-ios-sdk.git";
			requirement = {
				kind = upToNextMajorVersion;
				minimumVersion = 11.12.0;
			};
		};
		CE16D53E2DBEB22A00A2FCB1 /* XCRemoteSwiftPackageReference "IQKeyboardManager" */ = {
			isa = XCRemoteSwiftPackageReference;
			repositoryURL = "https://github.com/hackiftekhar/IQKeyboardManager.git";
			requirement = {
				kind = upToNextMajorVersion;
				minimumVersion = 8.0.1;
			};
		};
		CEAF66642DBEC98500065B63 /* XCRemoteSwiftPackageReference "MBProgressHUD" */ = {
			isa = XCRemoteSwiftPackageReference;
			repositoryURL = "https://github.com/jdg/MBProgressHUD.git";
			requirement = {
				kind = upToNextMajorVersion;
				minimumVersion = 1.2.0;
			};
		};
		CEC93FA72DC0B24A0021B59A /* XCRemoteSwiftPackageReference "GoogleSignIn-iOS" */ = {
			isa = XCRemoteSwiftPackageReference;
			repositoryURL = "https://github.com/google/GoogleSignIn-iOS.git";
			requirement = {
				kind = upToNextMajorVersion;
				minimumVersion = 8.0.0;
			};
		};
/* End XCRemoteSwiftPackageReference section */

/* Begin XCSwiftPackageProductDependency section */
		CE16D52A2DBEB1FE00A2FCB1 /* FirebaseAuth */ = {
			isa = XCSwiftPackageProductDependency;
			package = CE16D5292DBEB1FE00A2FCB1 /* XCRemoteSwiftPackageReference "firebase-ios-sdk" */;
			productName = FirebaseAuth;
		};
		CE16D52C2DBEB1FE00A2FCB1 /* FirebaseCore */ = {
			isa = XCSwiftPackageProductDependency;
			package = CE16D5292DBEB1FE00A2FCB1 /* XCRemoteSwiftPackageReference "firebase-ios-sdk" */;
			productName = FirebaseCore;
		};
		CE16D52E2DBEB1FE00A2FCB1 /* FirebaseCrashlytics */ = {
			isa = XCSwiftPackageProductDependency;
			package = CE16D5292DBEB1FE00A2FCB1 /* XCRemoteSwiftPackageReference "firebase-ios-sdk" */;
			productName = FirebaseCrashlytics;
		};
		CE16D5302DBEB1FE00A2FCB1 /* FirebaseDatabase */ = {
			isa = XCSwiftPackageProductDependency;
			package = CE16D5292DBEB1FE00A2FCB1 /* XCRemoteSwiftPackageReference "firebase-ios-sdk" */;
			productName = FirebaseDatabase;
		};
		CE16D5322DBEB1FE00A2FCB1 /* FirebaseDynamicLinks */ = {
			isa = XCSwiftPackageProductDependency;
			package = CE16D5292DBEB1FE00A2FCB1 /* XCRemoteSwiftPackageReference "firebase-ios-sdk" */;
			productName = FirebaseDynamicLinks;
		};
		CE16D5342DBEB1FE00A2FCB1 /* FirebaseFirestore */ = {
			isa = XCSwiftPackageProductDependency;
			package = CE16D5292DBEB1FE00A2FCB1 /* XCRemoteSwiftPackageReference "firebase-ios-sdk" */;
			productName = FirebaseFirestore;
		};
		CE16D5362DBEB1FE00A2FCB1 /* FirebaseFunctions */ = {
			isa = XCSwiftPackageProductDependency;
			package = CE16D5292DBEB1FE00A2FCB1 /* XCRemoteSwiftPackageReference "firebase-ios-sdk" */;
			productName = FirebaseFunctions;
		};
		CE16D5382DBEB1FE00A2FCB1 /* FirebaseInAppMessaging-Beta */ = {
			isa = XCSwiftPackageProductDependency;
			package = CE16D5292DBEB1FE00A2FCB1 /* XCRemoteSwiftPackageReference "firebase-ios-sdk" */;
			productName = "FirebaseInAppMessaging-Beta";
		};
		CE16D53A2DBEB1FE00A2FCB1 /* FirebaseMessaging */ = {
			isa = XCSwiftPackageProductDependency;
			package = CE16D5292DBEB1FE00A2FCB1 /* XCRemoteSwiftPackageReference "firebase-ios-sdk" */;
			productName = FirebaseMessaging;
		};
		CE16D53C2DBEB1FE00A2FCB1 /* FirebaseStorage */ = {
			isa = XCSwiftPackageProductDependency;
			package = CE16D5292DBEB1FE00A2FCB1 /* XCRemoteSwiftPackageReference "firebase-ios-sdk" */;
			productName = FirebaseStorage;
		};
		CE16D53F2DBEB22A00A2FCB1 /* IQKeyboardManagerSwift */ = {
			isa = XCSwiftPackageProductDependency;
			package = CE16D53E2DBEB22A00A2FCB1 /* XCRemoteSwiftPackageReference "IQKeyboardManager" */;
			productName = IQKeyboardManagerSwift;
		};
		CEAF66652DBEC98500065B63 /* MBProgressHUD */ = {
			isa = XCSwiftPackageProductDependency;
			package = CEAF66642DBEC98500065B63 /* XCRemoteSwiftPackageReference "MBProgressHUD" */;
			productName = MBProgressHUD;
		};
		CEC93FA82DC0B24A0021B59A /* GoogleSignIn */ = {
			isa = XCSwiftPackageProductDependency;
			package = CEC93FA72DC0B24A0021B59A /* XCRemoteSwiftPackageReference "GoogleSignIn-iOS" */;
			productName = GoogleSignIn;
		};
		CEC93FAA2DC0B24A0021B59A /* GoogleSignInSwift */ = {
			isa = XCSwiftPackageProductDependency;
			package = CEC93FA72DC0B24A0021B59A /* XCRemoteSwiftPackageReference "GoogleSignIn-iOS" */;
			productName = GoogleSignInSwift;
		};
/* End XCSwiftPackageProductDependency section */
	};
	rootObject = CE609E1B2DB42E480004013D /* Project object */;
}
